
Microsoft Visual Studio Solution File, Format Version 12.00
# Visual Studio Version 16
VisualStudioVersion = 16.0.30011.22
MinimumVisualStudioVersion = 10.0.40219.1
Project("{9A19103F-16F7-4668-BE54-9A1E7A4F7556}") = "DHT", "DHT\DHT.csproj", "{8080789A-E041-490C-94E6-69B067D8CD5F}"
EndProject
Project("{9A19103F-16F7-4668-BE54-9A1E7A4F7556}") = "DHTTests", "DHTTests\DHTTests.csproj", "{20CFDDB1-7740-40F8-AD10-0B3B19287ADF}"
EndProject
Global
	GlobalSection(SolutionConfigurationPlatforms) = preSolution
		Debug|Any CPU = Debug|Any CPU
		Release|Any CPU = Release|Any CPU
	EndGlobalSection
	GlobalSection(ProjectConfigurationPlatforms) = postSolution
		{8080789A-E041-490C-94E6-69B067D8CD5F}.Debug|Any CPU.ActiveCfg = Debug|Any CPU
		{8080789A-E041-490C-94E6-69B067D8CD5F}.Debug|Any CPU.Build.0 = Debug|Any CPU
		{8080789A-E041-490C-94E6-69B067D8CD5F}.Release|Any CPU.ActiveCfg = Release|Any CPU
		{8080789A-E041-490C-94E6-69B067D8CD5F}.Release|Any CPU.Build.0 = Release|Any CPU
		{20CFDDB1-7740-40F8-AD10-0B3B19287ADF}.Debug|Any CPU.ActiveCfg = Debug|Any CPU
		{20CFDDB1-7740-40F8-AD10-0B3B19287ADF}.Debug|Any CPU.Build.0 = Debug|Any CPU
		{20CFDDB1-7740-40F8-AD10-0B3B19287ADF}.Release|Any CPU.ActiveCfg = Release|Any CPU
		{20CFDDB1-7740-40F8-AD10-0B3B19287ADF}.Release|Any CPU.Build.0 = Release|Any CPU
	EndGlobalSection
	GlobalSection(SolutionProperties) = preSolution
		HideSolutionNode = FALSE
	EndGlobalSection
	GlobalSection(ExtensibilityGlobals) = postSolution
		SolutionGuid = {150F93DA-8D2D-46DC-A395-BA6BE63E7FE7}
	EndGlobalSection
EndGlobal
