
Microsoft Visual Studio Solution File, Format Version 12.00
Project("{FAE04EC0-301F-11D3-BF4B-00C04F79EFBC}") = "DHT", "DHT\DHT.csproj", "{8080789A-E041-490C-94E6-69B067D8CD5F}"
EndProject
Project("{FAE04EC0-301F-11D3-BF4B-00C04F79EFBC}") = "DHTTests", "DHTTests\DHTTests.csproj", "{20CFDDB1-7740-40F8-AD10-0B3B19287ADF}"
EndProject
Global
	GlobalSection(SolutionConfigurationPlatforms) = preSolution
		Debug|Any CPU = Debug|Any CPU
		Release|Any CPU = Release|Any CPU
	EndGlobalSection
	GlobalSection(ProjectConfigurationPlatforms) = postSolution
		{8080789A-E041-490C-94E6-69B067D8CD5F}.Debug|Any CPU.ActiveCfg = Debug|Any CPU
		{8080789A-E041-490C-94E6-69B067D8CD5F}.Debug|Any CPU.Build.0 = Debug|Any CPU
		{8080789A-E041-490C-94E6-69B067D8CD5F}.Release|Any CPU.ActiveCfg = Release|Any CPU
		{8080789A-E041-490C-94E6-69B067D8CD5F}.Release|Any CPU.Build.0 = Release|Any CPU
		{20CFDDB1-7740-40F8-AD10-0B3B19287ADF}.Debug|Any CPU.ActiveCfg = Debug|Any CPU
		{20CFDDB1-7740-40F8-AD10-0B3B19287ADF}.Debug|Any CPU.Build.0 = Debug|Any CPU
		{20CFDDB1-7740-40F8-AD10-0B3B19287ADF}.Release|Any CPU.ActiveCfg = Release|Any CPU
		{20CFDDB1-7740-40F8-AD10-0B3B19287ADF}.Release|Any CPU.Build.0 = Release|Any CPU
	EndGlobalSection
EndGlobal
